
Microsoft Visual Studio Solution File, Format Version 12.00
# Visual Studio Version 16
VisualStudioVersion = 16.0.30225.117
MinimumVisualStudioVersion = 10.0.40219.1
Project("{FAE04EC0-301F-11D3-BF4B-00C04F79EFBC}") = "Werter.Dogs.Tests", "Werter.Dogs.Tests\Werter.Dogs.Tests.csproj", "{ECCE1596-04F4-41B0-AA0A-C4279C6B2A1A}"
EndProject
Project("{FAE04EC0-301F-11D3-BF4B-00C04F79EFBC}") = "Werter.Dogs.Dominio", "Werter.Dogs.Dominio\Werter.Dogs.Dominio.csproj", "{2AFDE9E9-5990-47FA-8995-6E7879E62FED}"
EndProject
Global
	GlobalSection(SolutionConfigurationPlatforms) = preSolution
		Debug|Any CPU = Debug|Any CPU
		Release|Any CPU = Release|Any CPU
	EndGlobalSection
	GlobalSection(ProjectConfigurationPlatforms) = postSolution
		{ECCE1596-04F4-41B0-AA0A-C4279C6B2A1A}.Debug|Any CPU.ActiveCfg = Debug|Any CPU
		{ECCE1596-04F4-41B0-AA0A-C4279C6B2A1A}.Debug|Any CPU.Build.0 = Debug|Any CPU
		{ECCE1596-04F4-41B0-AA0A-C4279C6B2A1A}.Release|Any CPU.ActiveCfg = Release|Any CPU
		{ECCE1596-04F4-41B0-AA0A-C4279C6B2A1A}.Release|Any CPU.Build.0 = Release|Any CPU
		{2AFDE9E9-5990-47FA-8995-6E7879E62FED}.Debug|Any CPU.ActiveCfg = Debug|Any CPU
		{2AFDE9E9-5990-47FA-8995-6E7879E62FED}.Debug|Any CPU.Build.0 = Debug|Any CPU
		{2AFDE9E9-5990-47FA-8995-6E7879E62FED}.Release|Any CPU.ActiveCfg = Release|Any CPU
		{2AFDE9E9-5990-47FA-8995-6E7879E62FED}.Release|Any CPU.Build.0 = Release|Any CPU
	EndGlobalSection
	GlobalSection(SolutionProperties) = preSolution
		HideSolutionNode = FALSE
	EndGlobalSection
	GlobalSection(ExtensibilityGlobals) = postSolution
		SolutionGuid = {E3B13525-0F87-47BC-8099-477E5AE7F268}
	EndGlobalSection
EndGlobal
